
Microsoft Visual Studio Solution File, Format Version 12.00
# Visual Studio 2013
VisualStudioVersion = 12.0.30723.0
MinimumVisualStudioVersion = 10.0.40219.1
Project("{FAE04EC0-301F-11D3-BF4B-00C04F79EFBC}") = "FunBook.WebForms", "FunBook.WebForms\FunBook.WebForms.csproj", "{BC1C9ED7-9ADF-4984-8104-323F9979A880}"
EndProject
Project("{FAE04EC0-301F-11D3-BF4B-00C04F79EFBC}") = "FunBook.Models", "FunBook.Models\FunBook.Models.csproj", "{F14E699A-FEDE-484B-BD6E-F108FAFAE623}"
EndProject
Project("{FAE04EC0-301F-11D3-BF4B-00C04F79EFBC}") = "FunBook.Data", "FunBook.Data\FunBook.Data.csproj", "{545C0C18-5E86-42A8-A204-48DE9EE203D2}"
EndProject
Global
	GlobalSection(SolutionConfigurationPlatforms) = preSolution
		Debug|Any CPU = Debug|Any CPU
		Release|Any CPU = Release|Any CPU
	EndGlobalSection
	GlobalSection(ProjectConfigurationPlatforms) = postSolution
		{BC1C9ED7-9ADF-4984-8104-323F9979A880}.Debug|Any CPU.ActiveCfg = Debug|Any CPU
		{BC1C9ED7-9ADF-4984-8104-323F9979A880}.Debug|Any CPU.Build.0 = Debug|Any CPU
		{BC1C9ED7-9ADF-4984-8104-323F9979A880}.Release|Any CPU.ActiveCfg = Release|Any CPU
		{BC1C9ED7-9ADF-4984-8104-323F9979A880}.Release|Any CPU.Build.0 = Release|Any CPU
		{F14E699A-FEDE-484B-BD6E-F108FAFAE623}.Debug|Any CPU.ActiveCfg = Debug|Any CPU
		{F14E699A-FEDE-484B-BD6E-F108FAFAE623}.Debug|Any CPU.Build.0 = Debug|Any CPU
		{F14E699A-FEDE-484B-BD6E-F108FAFAE623}.Release|Any CPU.ActiveCfg = Release|Any CPU
		{F14E699A-FEDE-484B-BD6E-F108FAFAE623}.Release|Any CPU.Build.0 = Release|Any CPU
		{545C0C18-5E86-42A8-A204-48DE9EE203D2}.Debug|Any CPU.ActiveCfg = Debug|Any CPU
		{545C0C18-5E86-42A8-A204-48DE9EE203D2}.Debug|Any CPU.Build.0 = Debug|Any CPU
		{545C0C18-5E86-42A8-A204-48DE9EE203D2}.Release|Any CPU.ActiveCfg = Release|Any CPU
		{545C0C18-5E86-42A8-A204-48DE9EE203D2}.Release|Any CPU.Build.0 = Release|Any CPU
	EndGlobalSection
	GlobalSection(SolutionProperties) = preSolution
		HideSolutionNode = FALSE
	EndGlobalSection
EndGlobal
